// !$*UTF8*$!
{
	archiveVersion = 1;
	classes = {
	};
	objectVersion = 50;
	objects = {

/* Begin PBXBuildFile section */
		40F2C1AD24C4A73000C0A00C /* AppDelegate.swift in Sources */ = {isa = PBXBuildFile; fileRef = 40F2C1AC24C4A73000C0A00C /* AppDelegate.swift */; };
		40F2C1AF24C4A73000C0A00C /* SceneDelegate.swift in Sources */ = {isa = PBXBuildFile; fileRef = 40F2C1AE24C4A73000C0A00C /* SceneDelegate.swift */; };
		40F2C1B124C4A73000C0A00C /* ViewController.swift in Sources */ = {isa = PBXBuildFile; fileRef = 40F2C1B024C4A73000C0A00C /* ViewController.swift */; };
		40F2C1B424C4A73000C0A00C /* Main.storyboard in Resources */ = {isa = PBXBuildFile; fileRef = 40F2C1B224C4A73000C0A00C /* Main.storyboard */; };
		40F2C1B624C4A73200C0A00C /* Assets.xcassets in Resources */ = {isa = PBXBuildFile; fileRef = 40F2C1B524C4A73200C0A00C /* Assets.xcassets */; };
		40F2C1B924C4A73200C0A00C /* LaunchScreen.storyboard in Resources */ = {isa = PBXBuildFile; fileRef = 40F2C1B724C4A73200C0A00C /* LaunchScreen.storyboard */; };
/* End PBXBuildFile section */

/* Begin PBXFileReference section */
		40F2C1A924C4A73000C0A00C /* MagicBallApp.app */ = {isa = PBXFileReference; explicitFileType = wrapper.application; includeInIndex = 0; path = MagicBallApp.app; sourceTree = BUILT_PRODUCTS_DIR; };
		40F2C1AC24C4A73000C0A00C /* AppDelegate.swift */ = {isa = PBXFileReference; lastKnownFileType = sourcecode.swift; path = AppDelegate.swift; sourceTree = "<group>"; };
		40F2C1AE24C4A73000C0A00C /* SceneDelegate.swift */ = {isa = PBXFileReference; lastKnownFileType = sourcecode.swift; path = SceneDelegate.swift; sourceTree = "<group>"; };
		40F2C1B024C4A73000C0A00C /* ViewController.swift */ = {isa = PBXFileReference; lastKnownFileType = sourcecode.swift; path = ViewController.swift; sourceTree = "<group>"; };
		40F2C1B324C4A73000C0A00C /* Base */ = {isa = PBXFileReference; lastKnownFileType = file.storyboard; name = Base; path = Base.lproj/Main.storyboard; sourceTree = "<group>"; };
		40F2C1B524C4A73200C0A00C /* Assets.xcassets */ = {isa = PBXFileReference; lastKnownFileType = folder.assetcatalog; path = Assets.xcassets; sourceTree = "<group>"; };
		40F2C1B824C4A73200C0A00C /* Base */ = {isa = PBXFileReference; lastKnownFileType = file.storyboard; name = Base; path = Base.lproj/LaunchScreen.storyboard; sourceTree = "<group>"; };
		40F2C1BA24C4A73200C0A00C /* Info.plist */ = {isa = PBXFileReference; lastKnownFileType = text.plist.xml; path = Info.plist; sourceTree = "<group>"; };
/* End PBXFileReference section */

/* Begin PBXFrameworksBuildPhase section */
		40F2C1A624C4A73000C0A00C /* Frameworks */ = {
			isa = PBXFrameworksBuildPhase;
			buildActionMask = 2147483647;
			files = (
			);
			runOnlyForDeploymentPostprocessing = 0;
		};
/* End PBXFrameworksBuildPhase section */

/* Begin PBXGroup section */
		40F2C1A024C4A73000C0A00C = {
			isa = PBXGroup;
			children = (
				40F2C1AB24C4A73000C0A00C /* MagicBallApp */,
				40F2C1AA24C4A73000C0A00C /* Products */,
			);
			sourceTree = "<group>";
		};
		40F2C1AA24C4A73000C0A00C /* Products */ = {
			isa = PBXGroup;
			children = (
				40F2C1A924C4A73000C0A00C /* MagicBallApp.app */,
			);
			name = Products;
			sourceTree = "<group>";
		};
		40F2C1AB24C4A73000C0A00C /* MagicBallApp */ = {
			isa = PBXGroup;
			children = (
				40F2C1AC24C4A73000C0A00C /* AppDelegate.swift */,
				40F2C1AE24C4A73000C0A00C /* SceneDelegate.swift */,
				40F2C1B024C4A73000C0A00C /* ViewController.swift */,
				40F2C1B224C4A73000C0A00C /* Main.storyboard */,
				40F2C1B524C4A73200C0A00C /* Assets.xcassets */,
				40F2C1B724C4A73200C0A00C /* LaunchScreen.storyboard */,
				40F2C1BA24C4A73200C0A00C /* Info.plist */,
			);
			path = MagicBallApp;
			sourceTree = "<group>";
		};
/* End PBXGroup section */

/* Begin PBXNativeTarget section */
		40F2C1A824C4A73000C0A00C /* MagicBallApp */ = {
			isa = PBXNativeTarget;
			buildConfigurationList = 40F2C1BD24C4A73200C0A00C /* Build configuration list for PBXNativeTarget "MagicBallApp" */;
			buildPhases = (
				40F2C1A524C4A73000C0A00C /* Sources */,
				40F2C1A624C4A73000C0A00C /* Frameworks */,
				40F2C1A724C4A73000C0A00C /* Resources */,
			);
			buildRules = (
			);
			dependencies = (
			);
			name = MagicBallApp;
			productName = MagicBallApp;
			productReference = 40F2C1A924C4A73000C0A00C /* MagicBallApp.app */;
			productType = "com.apple.product-type.application";
		};
/* End PBXNativeTarget section */

/* Begin PBXProject section */
		40F2C1A124C4A73000C0A00C /* Project object */ = {
			isa = PBXProject;
			attributes = {
				LastSwiftUpdateCheck = 1150;
				LastUpgradeCheck = 1150;
				ORGANIZATIONNAME = Subham;
				TargetAttributes = {
					40F2C1A824C4A73000C0A00C = {
						CreatedOnToolsVersion = 11.5;
					};
				};
			};
			buildConfigurationList = 40F2C1A424C4A73000C0A00C /* Build configuration list for PBXProject "MagicBallApp" */;
			compatibilityVersion = "Xcode 9.3";
			developmentRegion = en;
			hasScannedForEncodings = 0;
			knownRegions = (
				en,
				Base,
			);
			mainGroup = 40F2C1A024C4A73000C0A00C;
			productRefGroup = 40F2C1AA24C4A73000C0A00C /* Products */;
			projectDirPath = "";
			projectRoot = "";
			targets = (
				40F2C1A824C4A73000C0A00C /* MagicBallApp */,
			);
		};
/* End PBXProject section */

/* Begin PBXResourcesBuildPhase section */
		40F2C1A724C4A73000C0A00C /* Resources */ = {
			isa = PBXResourcesBuildPhase;
			buildActionMask = 2147483647;
			files = (
				40F2C1B924C4A73200C0A00C /* LaunchScreen.storyboard in Resources */,
				40F2C1B624C4A73200C0A00C /* Assets.xcassets in Resources */,
				40F2C1B424C4A73000C0A00C /* Main.storyboard in Resources */,
			);
			runOnlyForDeploymentPostprocessing = 0;
		};
/* End PBXResourcesBuildPhase section */

/* Begin PBXSourcesBuildPhase section */
		40F2C1A524C4A73000C0A00C /* Sources */ = {
			isa = PBXSourcesBuildPhase;
			buildActionMask = 2147483647;
			files = (
				40F2C1B124C4A73000C0A00C /* ViewController.swift in Sources */,
				40F2C1AD24C4A73000C0A00C /* AppDelegate.swift in Sources */,
				40F2C1AF24C4A73000C0A00C /* SceneDelegate.swift in Sources */,
			);
			runOnlyForDeploymentPostprocessing = 0;
		};
/* End PBXSourcesBuildPhase section */

/* Begin PBXVariantGroup section */
		40F2C1B224C4A73000C0A00C /* Main.storyboard */ = {
			isa = PBXVariantGroup;
			children = (
				40F2C1B324C4A73000C0A00C /* Base */,
			);
			name = Main.storyboard;
			sourceTree = "<group>";
		};
		40F2C1B724C4A73200C0A00C /* LaunchScreen.storyboard */ = {
			isa = PBXVariantGroup;
			children = (
				40F2C1B824C4A73200C0A00C /* Base */,
			);
			name = LaunchScreen.storyboard;
			sourceTree = "<group>";
		};
/* End PBXVariantGroup section */

/* Begin XCBuildConfiguration section */
		40F2C1BB24C4A73200C0A00C /* Debug */ = {
			isa = XCBuildConfiguration;
			buildSettings = {
				ALWAYS_SEARCH_USER_PATHS = NO;
				CLANG_ANALYZER_NONNULL = YES;
				CLANG_ANALYZER_NUMBER_OBJECT_CONVERSION = YES_AGGRESSIVE;
				CLANG_CXX_LANGUAGE_STANDARD = "gnu++14";
				CLANG_CXX_LIBRARY = "libc++";
				CLANG_ENABLE_MODULES = YES;
				CLANG_ENABLE_OBJC_ARC = YES;
				CLANG_ENABLE_OBJC_WEAK = YES;
				CLANG_WARN_BLOCK_CAPTURE_AUTORELEASING = YES;
				CLANG_WARN_BOOL_CONVERSION = YES;
				CLANG_WARN_COMMA = YES;
				CLANG_WARN_CONSTANT_CONVERSION = YES;
				CLANG_WARN_DEPRECATED_OBJC_IMPLEMENTATIONS = YES;
				CLANG_WARN_DIRECT_OBJC_ISA_USAGE = YES_ERROR;
				CLANG_WARN_DOCUMENTATION_COMMENTS = YES;
				CLANG_WARN_EMPTY_BODY = YES;
				CLANG_WARN_ENUM_CONVERSION = YES;
				CLANG_WARN_INFINITE_RECURSION = YES;
				CLANG_WARN_INT_CONVERSION = YES;
				CLANG_WARN_NON_LITERAL_NULL_CONVERSION = YES;
				CLANG_WARN_OBJC_IMPLICIT_RETAIN_SELF = YES;
				CLANG_WARN_OBJC_LITERAL_CONVERSION = YES;
				CLANG_WARN_OBJC_ROOT_CLASS = YES_ERROR;
				CLANG_WARN_RANGE_LOOP_ANALYSIS = YES;
				CLANG_WARN_STRICT_PROTOTYPES = YES;
				CLANG_WARN_SUSPICIOUS_MOVE = YES;
				CLANG_WARN_UNGUARDED_AVAILABILITY = YES_AGGRESSIVE;
				CLANG_WARN_UNREACHABLE_CODE = YES;
				CLANG_WARN__DUPLICATE_METHOD_MATCH = YES;
				COPY_PHASE_STRIP = NO;
				DEBUG_INFORMATION_FORMAT = dwarf;
				ENABLE_STRICT_OBJC_MSGSEND = YES;
				ENABLE_TESTABILITY = YES;
				GCC_C_LANGUAGE_STANDARD = gnu11;
				GCC_DYNAMIC_NO_PIC = NO;
				GCC_NO_COMMON_BLOCKS = YES;
				GCC_OPTIMIZATION_LEVEL = 0;
				GCC_PREPROCESSOR_DEFINITIONS = (
					"DEBUG=1",
					"$(inherited)",
				);
				GCC_WARN_64_TO_32_BIT_CONVERSION = YES;
				GCC_WARN_ABOUT_RETURN_TYPE = YES_ERROR;
				GCC_WARN_UNDECLARED_SELECTOR = YES;
				GCC_WARN_UNINITIALIZED_AUTOS = YES_AGGRESSIVE;
				GCC_WARN_UNUSED_FUNCTION = YES;
				GCC_WARN_UNUSED_VARIABLE = YES;
				IPHONEOS_DEPLOYMENT_TARGET = 13.5;
				MTL_ENABLE_DEBUG_INFO = INCLUDE_SOURCE;
				MTL_FAST_MATH = YES;
				ONLY_ACTIVE_ARCH = YES;
				SDKROOT = iphoneos;
				SWIFT_ACTIVE_COMPILATION_CONDITIONS = DEBUG;
				SWIFT_OPTIMIZATION_LEVEL = "-Onone";
			};
			name = Debug;
		};
		40F2C1BC24C4A73200C0A00C /* Release */ = {
			isa = XCBuildConfiguration;
			buildSettings = {
				ALWAYS_SEARCH_USER_PATHS = NO;
				CLANG_ANALYZER_NONNULL = YES;
				CLANG_ANALYZER_NUMBER_OBJECT_CONVERSION = YES_AGGRESSIVE;
				CLANG_CXX_LANGUAGE_STANDARD = "gnu++14";
				CLANG_CXX_LIBRARY = "libc++";
				CLANG_ENABLE_MODULES = YES;
				CLANG_ENABLE_OBJC_ARC = YES;
				CLANG_ENABLE_OBJC_WEAK = YES;
				CLANG_WARN_BLOCK_CAPTURE_AUTORELEASING = YES;
				CLANG_WARN_BOOL_CONVERSION = YES;
				CLANG_WARN_COMMA = YES;
				CLANG_WARN_CONSTANT_CONVERSION = YES;
				CLANG_WARN_DEPRECATED_OBJC_IMPLEMENTATIONS = YES;
				CLANG_WARN_DIRECT_OBJC_ISA_USAGE = YES_ERROR;
				CLANG_WARN_DOCUMENTATION_COMMENTS = YES;
				CLANG_WARN_EMPTY_BODY = YES;
				CLANG_WARN_ENUM_CONVERSION = YES;
				CLANG_WARN_INFINITE_RECURSION = YES;
				CLANG_WARN_INT_CONVERSION = YES;
				CLANG_WARN_NON_LITERAL_NULL_CONVERSION = YES;
				CLANG_WARN_OBJC_IMPLICIT_RETAIN_SELF = YES;
				CLANG_WARN_OBJC_LITERAL_CONVERSION = YES;
				CLANG_WARN_OBJC_ROOT_CLASS = YES_ERROR;
				CLANG_WARN_RANGE_LOOP_ANALYSIS = YES;
				CLANG_WARN_STRICT_PROTOTYPES = YES;
				CLANG_WARN_SUSPICIOUS_MOVE = YES;
				CLANG_WARN_UNGUARDED_AVAILABILITY = YES_AGGRESSIVE;
				CLANG_WARN_UNREACHABLE_CODE = YES;
				CLANG_WARN__DUPLICATE_METHOD_MATCH = YES;
				COPY_PHASE_STRIP = NO;
				DEBUG_INFORMATION_FORMAT = "dwarf-with-dsym";
				ENABLE_NS_ASSERTIONS = NO;
				ENABLE_STRICT_OBJC_MSGSEND = YES;
				GCC_C_LANGUAGE_STANDARD = gnu11;
				GCC_NO_COMMON_BLOCKS = YES;
				GCC_WARN_64_TO_32_BIT_CONVERSION = YES;
				GCC_WARN_ABOUT_RETURN_TYPE = YES_ERROR;
				GCC_WARN_UNDECLARED_SELECTOR = YES;
				GCC_WARN_UNINITIALIZED_AUTOS = YES_AGGRESSIVE;
				GCC_WARN_UNUSED_FUNCTION = YES;
				GCC_WARN_UNUSED_VARIABLE = YES;
				IPHONEOS_DEPLOYMENT_TARGET = 13.5;
				MTL_ENABLE_DEBUG_INFO = NO;
				MTL_FAST_MATH = YES;
				SDKROOT = iphoneos;
				SWIFT_COMPILATION_MODE = wholemodule;
				SWIFT_OPTIMIZATION_LEVEL = "-O";
				VALIDATE_PRODUCT = YES;
			};
			name = Release;
		};
		40F2C1BE24C4A73200C0A00C /* Debug */ = {
			isa = XCBuildConfiguration;
			buildSettings = {
				ASSETCATALOG_COMPILER_APPICON_NAME = AppIcon;
				CODE_SIGN_STYLE = Automatic;
				DEVELOPMENT_TEAM = TRQ5TF8T83;
				INFOPLIST_FILE = MagicBallApp/Info.plist;
				LD_RUNPATH_SEARCH_PATHS = (
					"$(inherited)",
					"@executable_path/Frameworks",
				);
				PRODUCT_BUNDLE_IDENTIFIER = Subham.MagicBallApp;
				PRODUCT_NAME = "$(TARGET_NAME)";
				SWIFT_VERSION = 5.0;
				TARGETED_DEVICE_FAMILY = "1,2";
			};
			name = Debug;
		};
		40F2C1BF24C4A73200C0A00C /* Release */ = {
			isa = XCBuildConfiguration;
			buildSettings = {
				ASSETCATALOG_COMPILER_APPICON_NAME = AppIcon;
				CODE_SIGN_STYLE = Automatic;
				DEVELOPMENT_TEAM = TRQ5TF8T83;
				INFOPLIST_FILE = MagicBallApp/Info.plist;
				LD_RUNPATH_SEARCH_PATHS = (
					"$(inherited)",
					"@executable_path/Frameworks",
				);
				PRODUCT_BUNDLE_IDENTIFIER = Subham.MagicBallApp;
				PRODUCT_NAME = "$(TARGET_NAME)";
				SWIFT_VERSION = 5.0;
				TARGETED_DEVICE_FAMILY = "1,2";
			};
			name = Release;
		};
/* End XCBuildConfiguration section */

/* Begin XCConfigurationList section */
		40F2C1A424C4A73000C0A00C /* Build configuration list for PBXProject "MagicBallApp" */ = {
			isa = XCConfigurationList;
			buildConfigurations = (
				40F2C1BB24C4A73200C0A00C /* Debug */,
				40F2C1BC24C4A73200C0A00C /* Release */,
			);
			defaultConfigurationIsVisible = 0;
			defaultConfigurationName = Release;
		};
		40F2C1BD24C4A73200C0A00C /* Build configuration list for PBXNativeTarget "MagicBallApp" */ = {
			isa = XCConfigurationList;
			buildConfigurations = (
				40F2C1BE24C4A73200C0A00C /* Debug */,
				40F2C1BF24C4A73200C0A00C /* Release */,
			);
			defaultConfigurationIsVisible = 0;
			defaultConfigurationName = Release;
		};
/* End XCConfigurationList section */
	};
	rootObject = 40F2C1A124C4A73000C0A00C /* Project object */;
}
